
Microsoft Visual Studio Solution File, Format Version 12.00
# Visual Studio Version 16
VisualStudioVersion = 16.0.30804.86
MinimumVisualStudioVersion = 10.0.40219.1
Project("{9A19103F-16F7-4668-BE54-9A1E7A4F7556}") = "FirstGrpcService", "FirstGrpcService\FirstGrpcService.csproj", "{19F28B45-3843-4703-B7BB-516BAC4A6FE5}"
EndProject
Project("{FAE04EC0-301F-11D3-BF4B-00C04F79EFBC}") = "ConsoleAppGrpcClient", "ConsoleAppGrpcClient\ConsoleAppGrpcClient.csproj", "{8CDDBBF8-347A-4B54-A5F4-093E9B5A6C04}"
EndProject
Global
	GlobalSection(SolutionConfigurationPlatforms) = preSolution
		Debug|Any CPU = Debug|Any CPU
		Release|Any CPU = Release|Any CPU
	EndGlobalSection
	GlobalSection(ProjectConfigurationPlatforms) = postSolution
		{19F28B45-3843-4703-B7BB-516BAC4A6FE5}.Debug|Any CPU.ActiveCfg = Debug|Any CPU
		{19F28B45-3843-4703-B7BB-516BAC4A6FE5}.Debug|Any CPU.Build.0 = Debug|Any CPU
		{19F28B45-3843-4703-B7BB-516BAC4A6FE5}.Release|Any CPU.ActiveCfg = Release|Any CPU
		{19F28B45-3843-4703-B7BB-516BAC4A6FE5}.Release|Any CPU.Build.0 = Release|Any CPU
		{8CDDBBF8-347A-4B54-A5F4-093E9B5A6C04}.Debug|Any CPU.ActiveCfg = Debug|Any CPU
		{8CDDBBF8-347A-4B54-A5F4-093E9B5A6C04}.Debug|Any CPU.Build.0 = Debug|Any CPU
		{8CDDBBF8-347A-4B54-A5F4-093E9B5A6C04}.Release|Any CPU.ActiveCfg = Release|Any CPU
		{8CDDBBF8-347A-4B54-A5F4-093E9B5A6C04}.Release|Any CPU.Build.0 = Release|Any CPU
	EndGlobalSection
	GlobalSection(SolutionProperties) = preSolution
		HideSolutionNode = FALSE
	EndGlobalSection
	GlobalSection(ExtensibilityGlobals) = postSolution
		SolutionGuid = {BABBE458-3D77-41E0-B893-F8FF37E47A6C}
	EndGlobalSection
EndGlobal
